
Microsoft Visual Studio Solution File, Format Version 12.00
# Visual Studio Version 16
VisualStudioVersion = 16.0.31911.196
MinimumVisualStudioVersion = 10.0.40219.1
Project("{9A19103F-16F7-4668-BE54-9A1E7A4F7556}") = "Service", "Service\Service.csproj", "{CA7A9037-6ABC-4040-A7D9-439092C4AC6B}"
EndProject
Project("{9A19103F-16F7-4668-BE54-9A1E7A4F7556}") = "Domain", "Domain\Domain.csproj", "{3E95643A-2E16-4B71-A396-09FB9F9E8CFB}"
EndProject
Project("{2150E333-8FDC-42A3-9474-1A3956D46DE8}") = "API", "API", "{14E8A058-771F-4F8D-88FC-4AC784E8BD8E}"
EndProject
Project("{9A19103F-16F7-4668-BE54-9A1E7A4F7556}") = "OnlineSellAPI", "API\OnlineSell\OnlineSellAPI.csproj", "{A68078E1-E05B-448E-B710-D2974E338629}"
EndProject
Global
	GlobalSection(SolutionConfigurationPlatforms) = preSolution
		Debug|Any CPU = Debug|Any CPU
		Release|Any CPU = Release|Any CPU
	EndGlobalSection
	GlobalSection(ProjectConfigurationPlatforms) = postSolution
		{CA7A9037-6ABC-4040-A7D9-439092C4AC6B}.Debug|Any CPU.ActiveCfg = Debug|Any CPU
		{CA7A9037-6ABC-4040-A7D9-439092C4AC6B}.Debug|Any CPU.Build.0 = Debug|Any CPU
		{CA7A9037-6ABC-4040-A7D9-439092C4AC6B}.Release|Any CPU.ActiveCfg = Release|Any CPU
		{CA7A9037-6ABC-4040-A7D9-439092C4AC6B}.Release|Any CPU.Build.0 = Release|Any CPU
		{3E95643A-2E16-4B71-A396-09FB9F9E8CFB}.Debug|Any CPU.ActiveCfg = Debug|Any CPU
		{3E95643A-2E16-4B71-A396-09FB9F9E8CFB}.Debug|Any CPU.Build.0 = Debug|Any CPU
		{3E95643A-2E16-4B71-A396-09FB9F9E8CFB}.Release|Any CPU.ActiveCfg = Release|Any CPU
		{3E95643A-2E16-4B71-A396-09FB9F9E8CFB}.Release|Any CPU.Build.0 = Release|Any CPU
		{A68078E1-E05B-448E-B710-D2974E338629}.Debug|Any CPU.ActiveCfg = Debug|Any CPU
		{A68078E1-E05B-448E-B710-D2974E338629}.Debug|Any CPU.Build.0 = Debug|Any CPU
		{A68078E1-E05B-448E-B710-D2974E338629}.Release|Any CPU.ActiveCfg = Release|Any CPU
		{A68078E1-E05B-448E-B710-D2974E338629}.Release|Any CPU.Build.0 = Release|Any CPU
	EndGlobalSection
	GlobalSection(SolutionProperties) = preSolution
		HideSolutionNode = FALSE
	EndGlobalSection
	GlobalSection(NestedProjects) = preSolution
		{A68078E1-E05B-448E-B710-D2974E338629} = {14E8A058-771F-4F8D-88FC-4AC784E8BD8E}
	EndGlobalSection
	GlobalSection(ExtensibilityGlobals) = postSolution
		SolutionGuid = {A4EDD9BD-8D5A-4E44-B930-9095668F18A2}
	EndGlobalSection
EndGlobal
