
Microsoft Visual Studio Solution File, Format Version 12.00
# Visual Studio Version 16
VisualStudioVersion = 16.0.31911.196
MinimumVisualStudioVersion = 10.0.40219.1
Project("{9A19103F-16F7-4668-BE54-9A1E7A4F7556}") = "API", "API\API.csproj", "{4DA4D5FD-2907-468C-91BE-70DFDFFF5289}"
EndProject
Project("{9A19103F-16F7-4668-BE54-9A1E7A4F7556}") = "Service", "Service\Service.csproj", "{CA7A9037-6ABC-4040-A7D9-439092C4AC6B}"
EndProject
Project("{9A19103F-16F7-4668-BE54-9A1E7A4F7556}") = "Domain", "Domain\Domain.csproj", "{3E95643A-2E16-4B71-A396-09FB9F9E8CFB}"
EndProject
Global
	GlobalSection(SolutionConfigurationPlatforms) = preSolution
		Debug|Any CPU = Debug|Any CPU
		Release|Any CPU = Release|Any CPU
	EndGlobalSection
	GlobalSection(ProjectConfigurationPlatforms) = postSolution
		{4DA4D5FD-2907-468C-91BE-70DFDFFF5289}.Debug|Any CPU.ActiveCfg = Debug|Any CPU
		{4DA4D5FD-2907-468C-91BE-70DFDFFF5289}.Debug|Any CPU.Build.0 = Debug|Any CPU
		{4DA4D5FD-2907-468C-91BE-70DFDFFF5289}.Release|Any CPU.ActiveCfg = Release|Any CPU
		{4DA4D5FD-2907-468C-91BE-70DFDFFF5289}.Release|Any CPU.Build.0 = Release|Any CPU
		{CA7A9037-6ABC-4040-A7D9-439092C4AC6B}.Debug|Any CPU.ActiveCfg = Debug|Any CPU
		{CA7A9037-6ABC-4040-A7D9-439092C4AC6B}.Debug|Any CPU.Build.0 = Debug|Any CPU
		{CA7A9037-6ABC-4040-A7D9-439092C4AC6B}.Release|Any CPU.ActiveCfg = Release|Any CPU
		{CA7A9037-6ABC-4040-A7D9-439092C4AC6B}.Release|Any CPU.Build.0 = Release|Any CPU
		{3E95643A-2E16-4B71-A396-09FB9F9E8CFB}.Debug|Any CPU.ActiveCfg = Debug|Any CPU
		{3E95643A-2E16-4B71-A396-09FB9F9E8CFB}.Debug|Any CPU.Build.0 = Debug|Any CPU
		{3E95643A-2E16-4B71-A396-09FB9F9E8CFB}.Release|Any CPU.ActiveCfg = Release|Any CPU
		{3E95643A-2E16-4B71-A396-09FB9F9E8CFB}.Release|Any CPU.Build.0 = Release|Any CPU
	EndGlobalSection
	GlobalSection(SolutionProperties) = preSolution
		HideSolutionNode = FALSE
	EndGlobalSection
	GlobalSection(ExtensibilityGlobals) = postSolution
		SolutionGuid = {A4EDD9BD-8D5A-4E44-B930-9095668F18A2}
	EndGlobalSection
EndGlobal
